
Microsoft Visual Studio Solution File, Format Version 12.00
# Visual Studio 15
VisualStudioVersion = 15.0.26403.0
MinimumVisualStudioVersion = 10.0.40219.1
Project("{FAE04EC0-301F-11D3-BF4B-00C04F79EFBC}") = "Chat-Api", "Chat-Api\Chat-Api.csproj", "{0B206065-C2B9-4B4E-A990-D88875546F49}"
EndProject
Project("{FAE04EC0-301F-11D3-BF4B-00C04F79EFBC}") = "com.coto.app.azure.chat.api", "com.coto.app.azure.chat.api\com.coto.app.azure.chat.api.csproj", "{32130595-4E36-48B5-AA2A-227C97F8FDE0}"
EndProject
Project("{FAE04EC0-301F-11D3-BF4B-00C04F79EFBC}") = "com.coto.app.azure.chat.backoffice", "com.coto.app.azure.chat.backoffice\com.coto.app.azure.chat.backoffice.csproj", "{B3E48742-1072-421A-8D0E-DF4E78FE10ED}"
EndProject
Global
	GlobalSection(SolutionConfigurationPlatforms) = preSolution
		Debug|Any CPU = Debug|Any CPU
		Release|Any CPU = Release|Any CPU
	EndGlobalSection
	GlobalSection(ProjectConfigurationPlatforms) = postSolution
		{0B206065-C2B9-4B4E-A990-D88875546F49}.Debug|Any CPU.ActiveCfg = Debug|Any CPU
		{0B206065-C2B9-4B4E-A990-D88875546F49}.Debug|Any CPU.Build.0 = Debug|Any CPU
		{0B206065-C2B9-4B4E-A990-D88875546F49}.Release|Any CPU.ActiveCfg = Release|Any CPU
		{0B206065-C2B9-4B4E-A990-D88875546F49}.Release|Any CPU.Build.0 = Release|Any CPU
		{32130595-4E36-48B5-AA2A-227C97F8FDE0}.Debug|Any CPU.ActiveCfg = Debug|Any CPU
		{32130595-4E36-48B5-AA2A-227C97F8FDE0}.Debug|Any CPU.Build.0 = Debug|Any CPU
		{32130595-4E36-48B5-AA2A-227C97F8FDE0}.Release|Any CPU.ActiveCfg = Release|Any CPU
		{32130595-4E36-48B5-AA2A-227C97F8FDE0}.Release|Any CPU.Build.0 = Release|Any CPU
		{B3E48742-1072-421A-8D0E-DF4E78FE10ED}.Debug|Any CPU.ActiveCfg = Debug|Any CPU
		{B3E48742-1072-421A-8D0E-DF4E78FE10ED}.Debug|Any CPU.Build.0 = Debug|Any CPU
		{B3E48742-1072-421A-8D0E-DF4E78FE10ED}.Release|Any CPU.ActiveCfg = Release|Any CPU
		{B3E48742-1072-421A-8D0E-DF4E78FE10ED}.Release|Any CPU.Build.0 = Release|Any CPU
	EndGlobalSection
	GlobalSection(SolutionProperties) = preSolution
		HideSolutionNode = FALSE
	EndGlobalSection
EndGlobal
